
Microsoft Visual Studio Solution File, Format Version 12.00
# Visual Studio Version 17
VisualStudioVersion = 17.8.34309.116
MinimumVisualStudioVersion = 10.0.40219.1
Project("{FAE04EC0-301F-11D3-BF4B-00C04F79EFBC}") = "name_sorter", "name_sorter\name_sorter.csproj", "{5CE7B92A-FA9A-49E1-97B4-49B967CC7CE1}"
EndProject
Global
	GlobalSection(SolutionConfigurationPlatforms) = preSolution
		Debug|Any CPU = Debug|Any CPU
		Release|Any CPU = Release|Any CPU
	EndGlobalSection
	GlobalSection(ProjectConfigurationPlatforms) = postSolution
		{5CE7B92A-FA9A-49E1-97B4-49B967CC7CE1}.Debug|Any CPU.ActiveCfg = Debug|Any CPU
		{5CE7B92A-FA9A-49E1-97B4-49B967CC7CE1}.Debug|Any CPU.Build.0 = Debug|Any CPU
		{5CE7B92A-FA9A-49E1-97B4-49B967CC7CE1}.Release|Any CPU.ActiveCfg = Release|Any CPU
		{5CE7B92A-FA9A-49E1-97B4-49B967CC7CE1}.Release|Any CPU.Build.0 = Release|Any CPU
	EndGlobalSection
	GlobalSection(SolutionProperties) = preSolution
		HideSolutionNode = FALSE
	EndGlobalSection
	GlobalSection(ExtensibilityGlobals) = postSolution
		SolutionGuid = {24BDD40B-514A-40B8-BED0-CA3328D708AA}
	EndGlobalSection
EndGlobal
